
Microsoft Visual Studio Solution File, Format Version 12.00
# Visual Studio Version 16
VisualStudioVersion = 16.0.29806.167
MinimumVisualStudioVersion = 10.0.40219.1
Project("{FAE04EC0-301F-11D3-BF4B-00C04F79EFBC}") = "DevSkill.Assignment2.Web", "DevSkill.Assignment2.Web\DevSkill.Assignment2.Web.csproj", "{64DDD146-9C60-457D-A7C1-485B6C31BFB5}"
EndProject
Global
	GlobalSection(SolutionConfigurationPlatforms) = preSolution
		Debug|Any CPU = Debug|Any CPU
		Release|Any CPU = Release|Any CPU
	EndGlobalSection
	GlobalSection(ProjectConfigurationPlatforms) = postSolution
		{64DDD146-9C60-457D-A7C1-485B6C31BFB5}.Debug|Any CPU.ActiveCfg = Debug|Any CPU
		{64DDD146-9C60-457D-A7C1-485B6C31BFB5}.Debug|Any CPU.Build.0 = Debug|Any CPU
		{64DDD146-9C60-457D-A7C1-485B6C31BFB5}.Release|Any CPU.ActiveCfg = Release|Any CPU
		{64DDD146-9C60-457D-A7C1-485B6C31BFB5}.Release|Any CPU.Build.0 = Release|Any CPU
	EndGlobalSection
	GlobalSection(SolutionProperties) = preSolution
		HideSolutionNode = FALSE
	EndGlobalSection
	GlobalSection(ExtensibilityGlobals) = postSolution
		SolutionGuid = {531F6A25-08DA-463E-9407-073C5971778B}
	EndGlobalSection
EndGlobal
