
Microsoft Visual Studio Solution File, Format Version 12.00
# Visual Studio Version 16
VisualStudioVersion = 16.0.29806.167
MinimumVisualStudioVersion = 10.0.40219.1
Project("{FAE04EC0-301F-11D3-BF4B-00C04F79EFBC}") = "DevSkill.Web", "DevSkill.Web\DevSkill.Web.csproj", "{45D44D0B-83AD-41B6-B3D7-4A8933BE654F}"
EndProject
Global
	GlobalSection(SolutionConfigurationPlatforms) = preSolution
		Debug|Any CPU = Debug|Any CPU
		Release|Any CPU = Release|Any CPU
	EndGlobalSection
	GlobalSection(ProjectConfigurationPlatforms) = postSolution
		{45D44D0B-83AD-41B6-B3D7-4A8933BE654F}.Debug|Any CPU.ActiveCfg = Debug|Any CPU
		{45D44D0B-83AD-41B6-B3D7-4A8933BE654F}.Debug|Any CPU.Build.0 = Debug|Any CPU
		{45D44D0B-83AD-41B6-B3D7-4A8933BE654F}.Release|Any CPU.ActiveCfg = Release|Any CPU
		{45D44D0B-83AD-41B6-B3D7-4A8933BE654F}.Release|Any CPU.Build.0 = Release|Any CPU
	EndGlobalSection
	GlobalSection(SolutionProperties) = preSolution
		HideSolutionNode = FALSE
	EndGlobalSection
	GlobalSection(ExtensibilityGlobals) = postSolution
		SolutionGuid = {5A828F63-FA8E-4D25-9D66-451EFB38B79B}
	EndGlobalSection
EndGlobal
